{
  "name": "@mistark/vue-md-loader",
  "version": "0.1.1",
  "lockfileVersion": 1,
  "requires": true,
  "dependencies": {
    "argparse": {
      "version": "2.0.1",
      "resolved": "https://registry.npm.taobao.org/argparse/download/argparse-2.0.1.tgz",
      "integrity": "sha1-JG9Q88p4oyQPbJl+ipvR6sSeSzg="
    },
    "charenc": {
      "version": "0.0.2",
      "resolved": "https://registry.npmmirror.com/charenc/download/charenc-0.0.2.tgz",
      "integrity": "sha1-wKHS86cJLgN3S/qD8UwPxXkKhmc="
    },
    "crypt": {
      "version": "0.0.2",
      "resolved": "https://registry.npmmirror.com/crypt/download/crypt-0.0.2.tgz",
      "integrity": "sha1-iNf/fsDfuG9xPch7u0LQRNPmxBs="
    },
    "deepmerge": {
      "version": "4.2.2",
      "resolved": "https://registry.npmjs.org/deepmerge/-/deepmerge-4.2.2.tgz",
      "integrity": "sha512-FJ3UgI4gIl+PHZm53knsuSFpE+nESMr7M4v9QcgB7S63Kj/6WqMiFQJpBBYz1Pt+66bZpP3Q7Lye0Oo9MPKEdg=="
    },
    "entities": {
      "version": "2.1.0",
      "resolved": "https://registry.nlark.com/entities/download/entities-2.1.0.tgz?cache=0&sync_timestamp=1628508189267&other_urls=https%3A%2F%2Fregistry.nlark.com%2Fentities%2Fdownload%2Fentities-2.1.0.tgz",
      "integrity": "sha1-mS0xKc999ocLlsV4WMJJoSD4uLU="
    },
    "is-buffer": {
      "version": "1.1.6",
      "resolved": "https://registry.npmmirror.com/is-buffer/download/is-buffer-1.1.6.tgz",
      "integrity": "sha1-76ouqdqg16suoTqXsritUf776L4="
    },
    "linkify-it": {
      "version": "3.0.3",
      "resolved": "https://registry.npmmirror.com/linkify-it/download/linkify-it-3.0.3.tgz",
      "integrity": "sha1-qYuvRM5FpVDvtNScdp0HUkzC+i4=",
      "requires": {
        "uc.micro": "^1.0.1"
      }
    },
    "markdown-it": {
      "version": "12.2.0",
      "resolved": "https://registry.nlark.com/markdown-it/download/markdown-it-12.2.0.tgz?cache=0&sync_timestamp=1627929816808&other_urls=https%3A%2F%2Fregistry.nlark.com%2Fmarkdown-it%2Fdownload%2Fmarkdown-it-12.2.0.tgz",
      "integrity": "sha1-CR9yD9XbIG+A3nqNHxpwNf0NONs=",
      "requires": {
        "argparse": "^2.0.1",
        "entities": "~2.1.0",
        "linkify-it": "^3.0.1",
        "mdurl": "^1.0.1",
        "uc.micro": "^1.0.5"
      }
    },
    "md5": {
      "version": "2.3.0",
      "resolved": "https://registry.npmmirror.com/md5/download/md5-2.3.0.tgz",
      "integrity": "sha1-w9qaaq46MLRreww0m4exENw72k8=",
      "requires": {
        "charenc": "0.0.2",
        "crypt": "0.0.2",
        "is-buffer": "~1.1.6"
      }
    },
    "mdurl": {
      "version": "1.0.1",
      "resolved": "https://registry.npm.taobao.org/mdurl/download/mdurl-1.0.1.tgz",
      "integrity": "sha1-/oWy7HWlkDfyrf7BAP1sYBdhFS4="
    },
    "uc.micro": {
      "version": "1.0.6",
      "resolved": "https://registry.npm.taobao.org/uc.micro/download/uc.micro-1.0.6.tgz",
      "integrity": "sha1-nEEagCpAmpH8bPdAgbq6NLJEmaw="
    }
  }
}
